{
  "version": "5",
  "specifiers": {
    "jsr:@quentinadam/assert@~0.1.17": "0.1.17",
    "npm:typescript@^6.0.2": "6.0.2"
  },
  "jsr": {
    "@quentinadam/assert@0.1.17": {
      "integrity": "9eef3bbf11e01f89e53a3ca569a390fd9f313edfd1b962477684528bafeb9f35"
    }
  },
  "npm": {
    "typescript@6.0.2": {
      "integrity": "sha512-bGdAIrZ0wiGDo5l8c++HWtbaNCWTS4UTv7RaTH/ThVIgjkveJt83m74bBHMJkuCbslY8ixgLBVZJIOiQlQTjfQ==",
      "bin": true
    }
  },
  "workspace": {
    "dependencies": [
      "jsr:@quentinadam/assert@~0.1.17",
      "npm:typescript@^6.0.2"
    ]
  }
}
